Microsoft Visual Studio Solution File, Format Version 12.00
# Visual Studio 15
Project("{8BC9CEB8-8B4A-11D0-8D11-00A0C91BC942}") = "ALL_BUILD", "ALL_BUILD.vcxproj", "{97F6CADA-19C0-3FED-A988-87F17D33CFCB}"
	ProjectSection(ProjectDependencies) = postProject
		{7CD3528E-446A-3CF3-9C3A-E977A33619EB} = {7CD3528E-446A-3CF3-9C3A-E977A33619EB}
		{6A900D6E-4A59-3CEA-89D7-104A6C5295E0} = {6A900D6E-4A59-3CEA-89D7-104A6C5295E0}
		{95F0CBED-3FC0-3633-8DC0-95ACA4DD31A0} = {95F0CBED-3FC0-3633-8DC0-95ACA4DD31A0}
		{12D82540-F2C7-3605-A06E-C2256B5D38E0} = {12D82540-F2C7-3605-A06E-C2256B5D38E0}
		{B084FF5E-7E85-38EA-B44E-AB1E719A5943} = {B084FF5E-7E85-38EA-B44E-AB1E719A5943}
		{7F65CD54-A471-3187-9BD8-0EA4FD5D7E0E} = {7F65CD54-A471-3187-9BD8-0EA4FD5D7E0E}
	EndProjectSection
EndProject
Project("{8BC9CEB8-8B4A-11D0-8D11-00A0C91BC942}") = "Continuous", "cmocka\Continuous.vcxproj", "{AF24E04F-9AE9-34AF-A8E7-88E48B353240}"
	ProjectSection(ProjectDependencies) = postProject
		{7CD3528E-446A-3CF3-9C3A-E977A33619EB} = {7CD3528E-446A-3CF3-9C3A-E977A33619EB}
	EndProjectSection
EndProject
Project("{8BC9CEB8-8B4A-11D0-8D11-00A0C91BC942}") = "Experimental", "cmocka\Experimental.vcxproj", "{EC0962A5-39EB-3075-AA5A-5C2D7856DBF3}"
	ProjectSection(ProjectDependencies) = postProject
		{7CD3528E-446A-3CF3-9C3A-E977A33619EB} = {7CD3528E-446A-3CF3-9C3A-E977A33619EB}
	EndProjectSection
EndProject
Project("{8BC9CEB8-8B4A-11D0-8D11-00A0C91BC942}") = "INSTALL", "INSTALL.vcxproj", "{A5CED8D1-E6C5-331B-ABC1-9DBC7B889439}"
	ProjectSection(ProjectDependencies) = postProject
		{97F6CADA-19C0-3FED-A988-87F17D33CFCB} = {97F6CADA-19C0-3FED-A988-87F17D33CFCB}
		{7CD3528E-446A-3CF3-9C3A-E977A33619EB} = {7CD3528E-446A-3CF3-9C3A-E977A33619EB}
	EndProjectSection
EndProject
Project("{8BC9CEB8-8B4A-11D0-8D11-00A0C91BC942}") = "Nightly", "cmocka\Nightly.vcxproj", "{E2E87839-060A-3246-B34F-597D0C93F633}"
	ProjectSection(ProjectDependencies) = postProject
		{7CD3528E-446A-3CF3-9C3A-E977A33619EB} = {7CD3528E-446A-3CF3-9C3A-E977A33619EB}
	EndProjectSection
EndProject
Project("{8BC9CEB8-8B4A-11D0-8D11-00A0C91BC942}") = "NightlyMemoryCheck", "cmocka\NightlyMemoryCheck.vcxproj", "{1C0DB0D0-AD9D-3228-9A3E-8BD82E797FB9}"
	ProjectSection(ProjectDependencies) = postProject
		{7CD3528E-446A-3CF3-9C3A-E977A33619EB} = {7CD3528E-446A-3CF3-9C3A-E977A33619EB}
	EndProjectSection
EndProject
Project("{8BC9CEB8-8B4A-11D0-8D11-00A0C91BC942}") = "PACKAGE", "PACKAGE.vcxproj", "{4E8D5AEC-3DEC-3912-ABD7-B2AA0163E8AD}"
	ProjectSection(ProjectDependencies) = postProject
		{97F6CADA-19C0-3FED-A988-87F17D33CFCB} = {97F6CADA-19C0-3FED-A988-87F17D33CFCB}
		{7CD3528E-446A-3CF3-9C3A-E977A33619EB} = {7CD3528E-446A-3CF3-9C3A-E977A33619EB}
	EndProjectSection
EndProject
Project("{8BC9CEB8-8B4A-11D0-8D11-00A0C91BC942}") = "ZERO_CHECK", "ZERO_CHECK.vcxproj", "{7CD3528E-446A-3CF3-9C3A-E977A33619EB}"
	ProjectSection(ProjectDependencies) = postProject
	EndProjectSection
EndProject
Project("{8BC9CEB8-8B4A-11D0-8D11-00A0C91BC942}") = "allocate_module_test", "cmocka\example\allocate_module_test.vcxproj", "{6A900D6E-4A59-3CEA-89D7-104A6C5295E0}"
	ProjectSection(ProjectDependencies) = postProject
		{7CD3528E-446A-3CF3-9C3A-E977A33619EB} = {7CD3528E-446A-3CF3-9C3A-E977A33619EB}
		{B084FF5E-7E85-38EA-B44E-AB1E719A5943} = {B084FF5E-7E85-38EA-B44E-AB1E719A5943}
	EndProjectSection
EndProject
Project("{8BC9CEB8-8B4A-11D0-8D11-00A0C91BC942}") = "assert_macro_test", "cmocka\example\assert_macro_test.vcxproj", "{95F0CBED-3FC0-3633-8DC0-95ACA4DD31A0}"
	ProjectSection(ProjectDependencies) = postProject
		{7CD3528E-446A-3CF3-9C3A-E977A33619EB} = {7CD3528E-446A-3CF3-9C3A-E977A33619EB}
		{B084FF5E-7E85-38EA-B44E-AB1E719A5943} = {B084FF5E-7E85-38EA-B44E-AB1E719A5943}
	EndProjectSection
EndProject
Project("{8BC9CEB8-8B4A-11D0-8D11-00A0C91BC942}") = "assert_module_test", "cmocka\example\assert_module_test.vcxproj", "{12D82540-F2C7-3605-A06E-C2256B5D38E0}"
	ProjectSection(ProjectDependencies) = postProject
		{7CD3528E-446A-3CF3-9C3A-E977A33619EB} = {7CD3528E-446A-3CF3-9C3A-E977A33619EB}
		{B084FF5E-7E85-38EA-B44E-AB1E719A5943} = {B084FF5E-7E85-38EA-B44E-AB1E719A5943}
	EndProjectSection
EndProject
Project("{8BC9CEB8-8B4A-11D0-8D11-00A0C91BC942}") = "cmocka", "cmocka\src\cmocka.vcxproj", "{B084FF5E-7E85-38EA-B44E-AB1E719A5943}"
	ProjectSection(ProjectDependencies) = postProject
		{7CD3528E-446A-3CF3-9C3A-E977A33619EB} = {7CD3528E-446A-3CF3-9C3A-E977A33619EB}
	EndProjectSection
EndProject
Project("{8BC9CEB8-8B4A-11D0-8D11-00A0C91BC942}") = "dist", "cmocka\dist.vcxproj", "{08731367-3BD0-3194-BA36-EFE9D1E37CBA}"
	ProjectSection(ProjectDependencies) = postProject
		{7CD3528E-446A-3CF3-9C3A-E977A33619EB} = {7CD3528E-446A-3CF3-9C3A-E977A33619EB}
	EndProjectSection
EndProject
Project("{8BC9CEB8-8B4A-11D0-8D11-00A0C91BC942}") = "simple_test", "cmocka\example\simple_test.vcxproj", "{7F65CD54-A471-3187-9BD8-0EA4FD5D7E0E}"
	ProjectSection(ProjectDependencies) = postProject
		{7CD3528E-446A-3CF3-9C3A-E977A33619EB} = {7CD3528E-446A-3CF3-9C3A-E977A33619EB}
		{B084FF5E-7E85-38EA-B44E-AB1E719A5943} = {B084FF5E-7E85-38EA-B44E-AB1E719A5943}
	EndProjectSection
EndProject
Global
	GlobalSection(SolutionConfigurationPlatforms) = preSolution
		Debug|x64 = Debug|x64
		Release|x64 = Release|x64
		MinSizeRel|x64 = MinSizeRel|x64
		RelWithDebInfo|x64 = RelWithDebInfo|x64
	EndGlobalSection
	GlobalSection(ProjectConfigurationPlatforms) = postSolution
		{97F6CADA-19C0-3FED-A988-87F17D33CFCB}.Debug|x64.ActiveCfg = Debug|x64
		{97F6CADA-19C0-3FED-A988-87F17D33CFCB}.Debug|x64.Build.0 = Debug|x64
		{97F6CADA-19C0-3FED-A988-87F17D33CFCB}.Release|x64.ActiveCfg = Release|x64
		{97F6CADA-19C0-3FED-A988-87F17D33CFCB}.Release|x64.Build.0 = Release|x64
		{97F6CADA-19C0-3FED-A988-87F17D33CFCB}.MinSizeRel|x64.ActiveCfg = MinSizeRel|x64
		{97F6CADA-19C0-3FED-A988-87F17D33CFCB}.MinSizeRel|x64.Build.0 = MinSizeRel|x64
		{97F6CADA-19C0-3FED-A988-87F17D33CFCB}.RelWithDebInfo|x64.ActiveCfg = RelWithDebInfo|x64
		{97F6CADA-19C0-3FED-A988-87F17D33CFCB}.RelWithDebInfo|x64.Build.0 = RelWithDebInfo|x64
		{AF24E04F-9AE9-34AF-A8E7-88E48B353240}.Debug|x64.ActiveCfg = Debug|x64
		{AF24E04F-9AE9-34AF-A8E7-88E48B353240}.Release|x64.ActiveCfg = Release|x64
		{AF24E04F-9AE9-34AF-A8E7-88E48B353240}.MinSizeRel|x64.ActiveCfg = MinSizeRel|x64
		{AF24E04F-9AE9-34AF-A8E7-88E48B353240}.RelWithDebInfo|x64.ActiveCfg = RelWithDebInfo|x64
		{EC0962A5-39EB-3075-AA5A-5C2D7856DBF3}.Debug|x64.ActiveCfg = Debug|x64
		{EC0962A5-39EB-3075-AA5A-5C2D7856DBF3}.Release|x64.ActiveCfg = Release|x64
		{EC0962A5-39EB-3075-AA5A-5C2D7856DBF3}.MinSizeRel|x64.ActiveCfg = MinSizeRel|x64
		{EC0962A5-39EB-3075-AA5A-5C2D7856DBF3}.RelWithDebInfo|x64.ActiveCfg = RelWithDebInfo|x64
		{A5CED8D1-E6C5-331B-ABC1-9DBC7B889439}.Debug|x64.ActiveCfg = Debug|x64
		{A5CED8D1-E6C5-331B-ABC1-9DBC7B889439}.Release|x64.ActiveCfg = Release|x64
		{A5CED8D1-E6C5-331B-ABC1-9DBC7B889439}.MinSizeRel|x64.ActiveCfg = MinSizeRel|x64
		{A5CED8D1-E6C5-331B-ABC1-9DBC7B889439}.RelWithDebInfo|x64.ActiveCfg = RelWithDebInfo|x64
		{E2E87839-060A-3246-B34F-597D0C93F633}.Debug|x64.ActiveCfg = Debug|x64
		{E2E87839-060A-3246-B34F-597D0C93F633}.Release|x64.ActiveCfg = Release|x64
		{E2E87839-060A-3246-B34F-597D0C93F633}.MinSizeRel|x64.ActiveCfg = MinSizeRel|x64
		{E2E87839-060A-3246-B34F-597D0C93F633}.RelWithDebInfo|x64.ActiveCfg = RelWithDebInfo|x64
		{1C0DB0D0-AD9D-3228-9A3E-8BD82E797FB9}.Debug|x64.ActiveCfg = Debug|x64
		{1C0DB0D0-AD9D-3228-9A3E-8BD82E797FB9}.Release|x64.ActiveCfg = Release|x64
		{1C0DB0D0-AD9D-3228-9A3E-8BD82E797FB9}.MinSizeRel|x64.ActiveCfg = MinSizeRel|x64
		{1C0DB0D0-AD9D-3228-9A3E-8BD82E797FB9}.RelWithDebInfo|x64.ActiveCfg = RelWithDebInfo|x64
		{4E8D5AEC-3DEC-3912-ABD7-B2AA0163E8AD}.Debug|x64.ActiveCfg = Debug|x64
		{4E8D5AEC-3DEC-3912-ABD7-B2AA0163E8AD}.Release|x64.ActiveCfg = Release|x64
		{4E8D5AEC-3DEC-3912-ABD7-B2AA0163E8AD}.MinSizeRel|x64.ActiveCfg = MinSizeRel|x64
		{4E8D5AEC-3DEC-3912-ABD7-B2AA0163E8AD}.RelWithDebInfo|x64.ActiveCfg = RelWithDebInfo|x64
		{7CD3528E-446A-3CF3-9C3A-E977A33619EB}.Debug|x64.ActiveCfg = Debug|x64
		{7CD3528E-446A-3CF3-9C3A-E977A33619EB}.Debug|x64.Build.0 = Debug|x64
		{7CD3528E-446A-3CF3-9C3A-E977A33619EB}.Release|x64.ActiveCfg = Release|x64
		{7CD3528E-446A-3CF3-9C3A-E977A33619EB}.Release|x64.Build.0 = Release|x64
		{7CD3528E-446A-3CF3-9C3A-E977A33619EB}.MinSizeRel|x64.ActiveCfg = MinSizeRel|x64
		{7CD3528E-446A-3CF3-9C3A-E977A33619EB}.MinSizeRel|x64.Build.0 = MinSizeRel|x64
		{7CD3528E-446A-3CF3-9C3A-E977A33619EB}.RelWithDebInfo|x64.ActiveCfg = RelWithDebInfo|x64
		{7CD3528E-446A-3CF3-9C3A-E977A33619EB}.RelWithDebInfo|x64.Build.0 = RelWithDebInfo|x64
		{6A900D6E-4A59-3CEA-89D7-104A6C5295E0}.Debug|x64.ActiveCfg = Debug|x64
		{6A900D6E-4A59-3CEA-89D7-104A6C5295E0}.Debug|x64.Build.0 = Debug|x64
		{6A900D6E-4A59-3CEA-89D7-104A6C5295E0}.Release|x64.ActiveCfg = Release|x64
		{6A900D6E-4A59-3CEA-89D7-104A6C5295E0}.Release|x64.Build.0 = Release|x64
		{6A900D6E-4A59-3CEA-89D7-104A6C5295E0}.MinSizeRel|x64.ActiveCfg = MinSizeRel|x64
		{6A900D6E-4A59-3CEA-89D7-104A6C5295E0}.MinSizeRel|x64.Build.0 = MinSizeRel|x64
		{6A900D6E-4A59-3CEA-89D7-104A6C5295E0}.RelWithDebInfo|x64.ActiveCfg = RelWithDebInfo|x64
		{6A900D6E-4A59-3CEA-89D7-104A6C5295E0}.RelWithDebInfo|x64.Build.0 = RelWithDebInfo|x64
		{95F0CBED-3FC0-3633-8DC0-95ACA4DD31A0}.Debug|x64.ActiveCfg = Debug|x64
		{95F0CBED-3FC0-3633-8DC0-95ACA4DD31A0}.Debug|x64.Build.0 = Debug|x64
		{95F0CBED-3FC0-3633-8DC0-95ACA4DD31A0}.Release|x64.ActiveCfg = Release|x64
		{95F0CBED-3FC0-3633-8DC0-95ACA4DD31A0}.Release|x64.Build.0 = Release|x64
		{95F0CBED-3FC0-3633-8DC0-95ACA4DD31A0}.MinSizeRel|x64.ActiveCfg = MinSizeRel|x64
		{95F0CBED-3FC0-3633-8DC0-95ACA4DD31A0}.MinSizeRel|x64.Build.0 = MinSizeRel|x64
		{95F0CBED-3FC0-3633-8DC0-95ACA4DD31A0}.RelWithDebInfo|x64.ActiveCfg = RelWithDebInfo|x64
		{95F0CBED-3FC0-3633-8DC0-95ACA4DD31A0}.RelWithDebInfo|x64.Build.0 = RelWithDebInfo|x64
		{12D82540-F2C7-3605-A06E-C2256B5D38E0}.Debug|x64.ActiveCfg = Debug|x64
		{12D82540-F2C7-3605-A06E-C2256B5D38E0}.Debug|x64.Build.0 = Debug|x64
		{12D82540-F2C7-3605-A06E-C2256B5D38E0}.Release|x64.ActiveCfg = Release|x64
		{12D82540-F2C7-3605-A06E-C2256B5D38E0}.Release|x64.Build.0 = Release|x64
		{12D82540-F2C7-3605-A06E-C2256B5D38E0}.MinSizeRel|x64.ActiveCfg = MinSizeRel|x64
		{12D82540-F2C7-3605-A06E-C2256B5D38E0}.MinSizeRel|x64.Build.0 = MinSizeRel|x64
		{12D82540-F2C7-3605-A06E-C2256B5D38E0}.RelWithDebInfo|x64.ActiveCfg = RelWithDebInfo|x64
		{12D82540-F2C7-3605-A06E-C2256B5D38E0}.RelWithDebInfo|x64.Build.0 = RelWithDebInfo|x64
		{B084FF5E-7E85-38EA-B44E-AB1E719A5943}.Debug|x64.ActiveCfg = Debug|x64
		{B084FF5E-7E85-38EA-B44E-AB1E719A5943}.Debug|x64.Build.0 = Debug|x64
		{B084FF5E-7E85-38EA-B44E-AB1E719A5943}.Release|x64.ActiveCfg = Release|x64
		{B084FF5E-7E85-38EA-B44E-AB1E719A5943}.Release|x64.Build.0 = Release|x64
		{B084FF5E-7E85-38EA-B44E-AB1E719A5943}.MinSizeRel|x64.ActiveCfg = MinSizeRel|x64
		{B084FF5E-7E85-38EA-B44E-AB1E719A5943}.MinSizeRel|x64.Build.0 = MinSizeRel|x64
		{B084FF5E-7E85-38EA-B44E-AB1E719A5943}.RelWithDebInfo|x64.ActiveCfg = RelWithDebInfo|x64
		{B084FF5E-7E85-38EA-B44E-AB1E719A5943}.RelWithDebInfo|x64.Build.0 = RelWithDebInfo|x64
		{08731367-3BD0-3194-BA36-EFE9D1E37CBA}.Debug|x64.ActiveCfg = Debug|x64
		{08731367-3BD0-3194-BA36-EFE9D1E37CBA}.Release|x64.ActiveCfg = Release|x64
		{08731367-3BD0-3194-BA36-EFE9D1E37CBA}.MinSizeRel|x64.ActiveCfg = MinSizeRel|x64
		{08731367-3BD0-3194-BA36-EFE9D1E37CBA}.RelWithDebInfo|x64.ActiveCfg = RelWithDebInfo|x64
		{7F65CD54-A471-3187-9BD8-0EA4FD5D7E0E}.Debug|x64.ActiveCfg = Debug|x64
		{7F65CD54-A471-3187-9BD8-0EA4FD5D7E0E}.Debug|x64.Build.0 = Debug|x64
		{7F65CD54-A471-3187-9BD8-0EA4FD5D7E0E}.Release|x64.ActiveCfg = Release|x64
		{7F65CD54-A471-3187-9BD8-0EA4FD5D7E0E}.Release|x64.Build.0 = Release|x64
		{7F65CD54-A471-3187-9BD8-0EA4FD5D7E0E}.MinSizeRel|x64.ActiveCfg = MinSizeRel|x64
		{7F65CD54-A471-3187-9BD8-0EA4FD5D7E0E}.MinSizeRel|x64.Build.0 = MinSizeRel|x64
		{7F65CD54-A471-3187-9BD8-0EA4FD5D7E0E}.RelWithDebInfo|x64.ActiveCfg = RelWithDebInfo|x64
		{7F65CD54-A471-3187-9BD8-0EA4FD5D7E0E}.RelWithDebInfo|x64.Build.0 = RelWithDebInfo|x64
	EndGlobalSection
	GlobalSection(ExtensibilityGlobals) = postSolution
		SolutionGuid = {B6F52764-DAC5-3592-BF87-5DE4E8A5E31A}
	EndGlobalSection
	GlobalSection(ExtensibilityAddIns) = postSolution
	EndGlobalSection
EndGlobal
