Microsoft Visual Studio Solution File, Format Version 12.00
# Visual Studio 15
Project("{8BC9CEB8-8B4A-11D0-8D11-00A0C91BC942}") = "ALL_BUILD", "ALL_BUILD.vcxproj", "{97F6CADA-19C0-3FED-A988-87F17D33CFCB}"
	ProjectSection(ProjectDependencies) = postProject
		{7CD3528E-446A-3CF3-9C3A-E977A33619EB} = {7CD3528E-446A-3CF3-9C3A-E977A33619EB}
		{9B0EABBE-5E08-3489-B5A1-645639A9FF7F} = {9B0EABBE-5E08-3489-B5A1-645639A9FF7F}
		{63457AD6-8E88-394D-B7F4-385EF2CD0558} = {63457AD6-8E88-394D-B7F4-385EF2CD0558}
		{B42FC6D8-90DB-3C21-A649-B0F3BE45C67E} = {B42FC6D8-90DB-3C21-A649-B0F3BE45C67E}
		{D70C78AB-2FCC-31F9-A66F-0DF930396652} = {D70C78AB-2FCC-31F9-A66F-0DF930396652}
		{97BB2A0F-28D9-3E23-ABA3-329C9E414589} = {97BB2A0F-28D9-3E23-ABA3-329C9E414589}
		{8518B4A7-750B-32EE-BD1C-ECB8C0E88887} = {8518B4A7-750B-32EE-BD1C-ECB8C0E88887}
		{89047F82-0B38-310C-A4C7-EACD6D3221C6} = {89047F82-0B38-310C-A4C7-EACD6D3221C6}
		{86E2E38B-A2E6-322A-9A75-EC77D9448A73} = {86E2E38B-A2E6-322A-9A75-EC77D9448A73}
		{A4ED54AC-DD41-3A94-87A4-CA29752F8BFC} = {A4ED54AC-DD41-3A94-87A4-CA29752F8BFC}
		{665FA560-4405-300E-AC95-FE04640609FD} = {665FA560-4405-300E-AC95-FE04640609FD}
		{11DD12C9-728B-3C53-AA04-CFA091C0F953} = {11DD12C9-728B-3C53-AA04-CFA091C0F953}
		{B7CF509E-4C9D-3733-AC62-61A9A8B83E65} = {B7CF509E-4C9D-3733-AC62-61A9A8B83E65}
		{7CD79FE7-633F-397C-94EB-AB1E82EA8D7F} = {7CD79FE7-633F-397C-94EB-AB1E82EA8D7F}
		{C419B5AD-A6CA-341F-BEDA-AED5A75D9566} = {C419B5AD-A6CA-341F-BEDA-AED5A75D9566}
		{51C34B08-8417-3CB3-813F-9ABDFFF0AF78} = {51C34B08-8417-3CB3-813F-9ABDFFF0AF78}
		{9787F4E9-1DAD-3F66-917D-4F3069CE139C} = {9787F4E9-1DAD-3F66-917D-4F3069CE139C}
		{C78F1738-24F7-31B9-A434-97918FB74C2E} = {C78F1738-24F7-31B9-A434-97918FB74C2E}
		{B237C737-AF78-3770-AD03-DDAC5F8092C0} = {B237C737-AF78-3770-AD03-DDAC5F8092C0}
		{E5D455E9-69EA-31CD-9ED5-35605D523772} = {E5D455E9-69EA-31CD-9ED5-35605D523772}
		{49494193-A1EB-3D52-97D1-8D91E3E0B7FE} = {49494193-A1EB-3D52-97D1-8D91E3E0B7FE}
		{7D5F712E-4D27-3651-960C-A6FFB03F77FC} = {7D5F712E-4D27-3651-960C-A6FFB03F77FC}
		{40D6EFCA-BF8F-34D4-9B8B-B463D25C2E4E} = {40D6EFCA-BF8F-34D4-9B8B-B463D25C2E4E}
	EndProjectSection
EndProject
Project("{8BC9CEB8-8B4A-11D0-8D11-00A0C91BC942}") = "INSTALL", "INSTALL.vcxproj", "{A5CED8D1-E6C5-331B-ABC1-9DBC7B889439}"
	ProjectSection(ProjectDependencies) = postProject
		{97F6CADA-19C0-3FED-A988-87F17D33CFCB} = {97F6CADA-19C0-3FED-A988-87F17D33CFCB}
		{7CD3528E-446A-3CF3-9C3A-E977A33619EB} = {7CD3528E-446A-3CF3-9C3A-E977A33619EB}
	EndProjectSection
EndProject
Project("{8BC9CEB8-8B4A-11D0-8D11-00A0C91BC942}") = "PACKAGE", "PACKAGE.vcxproj", "{4E8D5AEC-3DEC-3912-ABD7-B2AA0163E8AD}"
	ProjectSection(ProjectDependencies) = postProject
		{97F6CADA-19C0-3FED-A988-87F17D33CFCB} = {97F6CADA-19C0-3FED-A988-87F17D33CFCB}
		{7CD3528E-446A-3CF3-9C3A-E977A33619EB} = {7CD3528E-446A-3CF3-9C3A-E977A33619EB}
	EndProjectSection
EndProject
Project("{8BC9CEB8-8B4A-11D0-8D11-00A0C91BC942}") = "ZERO_CHECK", "..\..\\ZERO_CHECK.vcxproj", "{7CD3528E-446A-3CF3-9C3A-E977A33619EB}"
	ProjectSection(ProjectDependencies) = postProject
	EndProjectSection
EndProject
Project("{8BC9CEB8-8B4A-11D0-8D11-00A0C91BC942}") = "cmocka-static", "..\src\cmocka-static.vcxproj", "{2FBB21E0-B099-3E63-A84E-D240D7D2BCCB}"
	ProjectSection(ProjectDependencies) = postProject
		{7CD3528E-446A-3CF3-9C3A-E977A33619EB} = {7CD3528E-446A-3CF3-9C3A-E977A33619EB}
	EndProjectSection
EndProject
Project("{8BC9CEB8-8B4A-11D0-8D11-00A0C91BC942}") = "test_alloc", "test_alloc.vcxproj", "{9B0EABBE-5E08-3489-B5A1-645639A9FF7F}"
	ProjectSection(ProjectDependencies) = postProject
		{7CD3528E-446A-3CF3-9C3A-E977A33619EB} = {7CD3528E-446A-3CF3-9C3A-E977A33619EB}
		{2FBB21E0-B099-3E63-A84E-D240D7D2BCCB} = {2FBB21E0-B099-3E63-A84E-D240D7D2BCCB}
	EndProjectSection
EndProject
Project("{8BC9CEB8-8B4A-11D0-8D11-00A0C91BC942}") = "test_assert_macros", "test_assert_macros.vcxproj", "{63457AD6-8E88-394D-B7F4-385EF2CD0558}"
	ProjectSection(ProjectDependencies) = postProject
		{7CD3528E-446A-3CF3-9C3A-E977A33619EB} = {7CD3528E-446A-3CF3-9C3A-E977A33619EB}
		{2FBB21E0-B099-3E63-A84E-D240D7D2BCCB} = {2FBB21E0-B099-3E63-A84E-D240D7D2BCCB}
	EndProjectSection
EndProject
Project("{8BC9CEB8-8B4A-11D0-8D11-00A0C91BC942}") = "test_assert_macros_fail", "test_assert_macros_fail.vcxproj", "{B42FC6D8-90DB-3C21-A649-B0F3BE45C67E}"
	ProjectSection(ProjectDependencies) = postProject
		{7CD3528E-446A-3CF3-9C3A-E977A33619EB} = {7CD3528E-446A-3CF3-9C3A-E977A33619EB}
		{2FBB21E0-B099-3E63-A84E-D240D7D2BCCB} = {2FBB21E0-B099-3E63-A84E-D240D7D2BCCB}
	EndProjectSection
EndProject
Project("{8BC9CEB8-8B4A-11D0-8D11-00A0C91BC942}") = "test_basics", "test_basics.vcxproj", "{D70C78AB-2FCC-31F9-A66F-0DF930396652}"
	ProjectSection(ProjectDependencies) = postProject
		{7CD3528E-446A-3CF3-9C3A-E977A33619EB} = {7CD3528E-446A-3CF3-9C3A-E977A33619EB}
		{2FBB21E0-B099-3E63-A84E-D240D7D2BCCB} = {2FBB21E0-B099-3E63-A84E-D240D7D2BCCB}
	EndProjectSection
EndProject
Project("{8BC9CEB8-8B4A-11D0-8D11-00A0C91BC942}") = "test_double_macros", "test_double_macros.vcxproj", "{97BB2A0F-28D9-3E23-ABA3-329C9E414589}"
	ProjectSection(ProjectDependencies) = postProject
		{7CD3528E-446A-3CF3-9C3A-E977A33619EB} = {7CD3528E-446A-3CF3-9C3A-E977A33619EB}
		{2FBB21E0-B099-3E63-A84E-D240D7D2BCCB} = {2FBB21E0-B099-3E63-A84E-D240D7D2BCCB}
	EndProjectSection
EndProject
Project("{8BC9CEB8-8B4A-11D0-8D11-00A0C91BC942}") = "test_exception_handler", "test_exception_handler.vcxproj", "{8518B4A7-750B-32EE-BD1C-ECB8C0E88887}"
	ProjectSection(ProjectDependencies) = postProject
		{7CD3528E-446A-3CF3-9C3A-E977A33619EB} = {7CD3528E-446A-3CF3-9C3A-E977A33619EB}
		{2FBB21E0-B099-3E63-A84E-D240D7D2BCCB} = {2FBB21E0-B099-3E63-A84E-D240D7D2BCCB}
	EndProjectSection
EndProject
Project("{8BC9CEB8-8B4A-11D0-8D11-00A0C91BC942}") = "test_fixtures", "test_fixtures.vcxproj", "{89047F82-0B38-310C-A4C7-EACD6D3221C6}"
	ProjectSection(ProjectDependencies) = postProject
		{7CD3528E-446A-3CF3-9C3A-E977A33619EB} = {7CD3528E-446A-3CF3-9C3A-E977A33619EB}
		{2FBB21E0-B099-3E63-A84E-D240D7D2BCCB} = {2FBB21E0-B099-3E63-A84E-D240D7D2BCCB}
	EndProjectSection
EndProject
Project("{8BC9CEB8-8B4A-11D0-8D11-00A0C91BC942}") = "test_float_macros", "test_float_macros.vcxproj", "{86E2E38B-A2E6-322A-9A75-EC77D9448A73}"
	ProjectSection(ProjectDependencies) = postProject
		{7CD3528E-446A-3CF3-9C3A-E977A33619EB} = {7CD3528E-446A-3CF3-9C3A-E977A33619EB}
		{2FBB21E0-B099-3E63-A84E-D240D7D2BCCB} = {2FBB21E0-B099-3E63-A84E-D240D7D2BCCB}
	EndProjectSection
EndProject
Project("{8BC9CEB8-8B4A-11D0-8D11-00A0C91BC942}") = "test_group_fixtures", "test_group_fixtures.vcxproj", "{A4ED54AC-DD41-3A94-87A4-CA29752F8BFC}"
	ProjectSection(ProjectDependencies) = postProject
		{7CD3528E-446A-3CF3-9C3A-E977A33619EB} = {7CD3528E-446A-3CF3-9C3A-E977A33619EB}
		{2FBB21E0-B099-3E63-A84E-D240D7D2BCCB} = {2FBB21E0-B099-3E63-A84E-D240D7D2BCCB}
	EndProjectSection
EndProject
Project("{8BC9CEB8-8B4A-11D0-8D11-00A0C91BC942}") = "test_group_setup_assert", "test_group_setup_assert.vcxproj", "{665FA560-4405-300E-AC95-FE04640609FD}"
	ProjectSection(ProjectDependencies) = postProject
		{7CD3528E-446A-3CF3-9C3A-E977A33619EB} = {7CD3528E-446A-3CF3-9C3A-E977A33619EB}
		{2FBB21E0-B099-3E63-A84E-D240D7D2BCCB} = {2FBB21E0-B099-3E63-A84E-D240D7D2BCCB}
	EndProjectSection
EndProject
Project("{8BC9CEB8-8B4A-11D0-8D11-00A0C91BC942}") = "test_group_setup_fail", "test_group_setup_fail.vcxproj", "{11DD12C9-728B-3C53-AA04-CFA091C0F953}"
	ProjectSection(ProjectDependencies) = postProject
		{7CD3528E-446A-3CF3-9C3A-E977A33619EB} = {7CD3528E-446A-3CF3-9C3A-E977A33619EB}
		{2FBB21E0-B099-3E63-A84E-D240D7D2BCCB} = {2FBB21E0-B099-3E63-A84E-D240D7D2BCCB}
	EndProjectSection
EndProject
Project("{8BC9CEB8-8B4A-11D0-8D11-00A0C91BC942}") = "test_groups", "test_groups.vcxproj", "{B7CF509E-4C9D-3733-AC62-61A9A8B83E65}"
	ProjectSection(ProjectDependencies) = postProject
		{7CD3528E-446A-3CF3-9C3A-E977A33619EB} = {7CD3528E-446A-3CF3-9C3A-E977A33619EB}
		{2FBB21E0-B099-3E63-A84E-D240D7D2BCCB} = {2FBB21E0-B099-3E63-A84E-D240D7D2BCCB}
	EndProjectSection
EndProject
Project("{8BC9CEB8-8B4A-11D0-8D11-00A0C91BC942}") = "test_ordering", "test_ordering.vcxproj", "{7CD79FE7-633F-397C-94EB-AB1E82EA8D7F}"
	ProjectSection(ProjectDependencies) = postProject
		{7CD3528E-446A-3CF3-9C3A-E977A33619EB} = {7CD3528E-446A-3CF3-9C3A-E977A33619EB}
		{2FBB21E0-B099-3E63-A84E-D240D7D2BCCB} = {2FBB21E0-B099-3E63-A84E-D240D7D2BCCB}
	EndProjectSection
EndProject
Project("{8BC9CEB8-8B4A-11D0-8D11-00A0C91BC942}") = "test_ordering_fail", "test_ordering_fail.vcxproj", "{C419B5AD-A6CA-341F-BEDA-AED5A75D9566}"
	ProjectSection(ProjectDependencies) = postProject
		{7CD3528E-446A-3CF3-9C3A-E977A33619EB} = {7CD3528E-446A-3CF3-9C3A-E977A33619EB}
		{2FBB21E0-B099-3E63-A84E-D240D7D2BCCB} = {2FBB21E0-B099-3E63-A84E-D240D7D2BCCB}
	EndProjectSection
EndProject
Project("{8BC9CEB8-8B4A-11D0-8D11-00A0C91BC942}") = "test_returns", "test_returns.vcxproj", "{51C34B08-8417-3CB3-813F-9ABDFFF0AF78}"
	ProjectSection(ProjectDependencies) = postProject
		{7CD3528E-446A-3CF3-9C3A-E977A33619EB} = {7CD3528E-446A-3CF3-9C3A-E977A33619EB}
		{2FBB21E0-B099-3E63-A84E-D240D7D2BCCB} = {2FBB21E0-B099-3E63-A84E-D240D7D2BCCB}
	EndProjectSection
EndProject
Project("{8BC9CEB8-8B4A-11D0-8D11-00A0C91BC942}") = "test_returns_fail", "test_returns_fail.vcxproj", "{9787F4E9-1DAD-3F66-917D-4F3069CE139C}"
	ProjectSection(ProjectDependencies) = postProject
		{7CD3528E-446A-3CF3-9C3A-E977A33619EB} = {7CD3528E-446A-3CF3-9C3A-E977A33619EB}
		{2FBB21E0-B099-3E63-A84E-D240D7D2BCCB} = {2FBB21E0-B099-3E63-A84E-D240D7D2BCCB}
	EndProjectSection
EndProject
Project("{8BC9CEB8-8B4A-11D0-8D11-00A0C91BC942}") = "test_setup_fail", "test_setup_fail.vcxproj", "{C78F1738-24F7-31B9-A434-97918FB74C2E}"
	ProjectSection(ProjectDependencies) = postProject
		{7CD3528E-446A-3CF3-9C3A-E977A33619EB} = {7CD3528E-446A-3CF3-9C3A-E977A33619EB}
		{2FBB21E0-B099-3E63-A84E-D240D7D2BCCB} = {2FBB21E0-B099-3E63-A84E-D240D7D2BCCB}
	EndProjectSection
EndProject
Project("{8BC9CEB8-8B4A-11D0-8D11-00A0C91BC942}") = "test_skip", "test_skip.vcxproj", "{B237C737-AF78-3770-AD03-DDAC5F8092C0}"
	ProjectSection(ProjectDependencies) = postProject
		{7CD3528E-446A-3CF3-9C3A-E977A33619EB} = {7CD3528E-446A-3CF3-9C3A-E977A33619EB}
		{2FBB21E0-B099-3E63-A84E-D240D7D2BCCB} = {2FBB21E0-B099-3E63-A84E-D240D7D2BCCB}
	EndProjectSection
EndProject
Project("{8BC9CEB8-8B4A-11D0-8D11-00A0C91BC942}") = "test_skip_filter", "test_skip_filter.vcxproj", "{E5D455E9-69EA-31CD-9ED5-35605D523772}"
	ProjectSection(ProjectDependencies) = postProject
		{7CD3528E-446A-3CF3-9C3A-E977A33619EB} = {7CD3528E-446A-3CF3-9C3A-E977A33619EB}
		{2FBB21E0-B099-3E63-A84E-D240D7D2BCCB} = {2FBB21E0-B099-3E63-A84E-D240D7D2BCCB}
	EndProjectSection
EndProject
Project("{8BC9CEB8-8B4A-11D0-8D11-00A0C91BC942}") = "test_string", "test_string.vcxproj", "{49494193-A1EB-3D52-97D1-8D91E3E0B7FE}"
	ProjectSection(ProjectDependencies) = postProject
		{7CD3528E-446A-3CF3-9C3A-E977A33619EB} = {7CD3528E-446A-3CF3-9C3A-E977A33619EB}
		{2FBB21E0-B099-3E63-A84E-D240D7D2BCCB} = {2FBB21E0-B099-3E63-A84E-D240D7D2BCCB}
	EndProjectSection
EndProject
Project("{8BC9CEB8-8B4A-11D0-8D11-00A0C91BC942}") = "test_strmatch", "test_strmatch.vcxproj", "{7D5F712E-4D27-3651-960C-A6FFB03F77FC}"
	ProjectSection(ProjectDependencies) = postProject
		{7CD3528E-446A-3CF3-9C3A-E977A33619EB} = {7CD3528E-446A-3CF3-9C3A-E977A33619EB}
		{2FBB21E0-B099-3E63-A84E-D240D7D2BCCB} = {2FBB21E0-B099-3E63-A84E-D240D7D2BCCB}
	EndProjectSection
EndProject
Project("{8BC9CEB8-8B4A-11D0-8D11-00A0C91BC942}") = "test_wildcard", "test_wildcard.vcxproj", "{40D6EFCA-BF8F-34D4-9B8B-B463D25C2E4E}"
	ProjectSection(ProjectDependencies) = postProject
		{7CD3528E-446A-3CF3-9C3A-E977A33619EB} = {7CD3528E-446A-3CF3-9C3A-E977A33619EB}
		{2FBB21E0-B099-3E63-A84E-D240D7D2BCCB} = {2FBB21E0-B099-3E63-A84E-D240D7D2BCCB}
	EndProjectSection
EndProject
Global
	GlobalSection(SolutionConfigurationPlatforms) = preSolution
		Debug|x64 = Debug|x64
		Release|x64 = Release|x64
		MinSizeRel|x64 = MinSizeRel|x64
		RelWithDebInfo|x64 = RelWithDebInfo|x64
	EndGlobalSection
	GlobalSection(ProjectConfigurationPlatforms) = postSolution
		{97F6CADA-19C0-3FED-A988-87F17D33CFCB}.Debug|x64.ActiveCfg = Debug|x64
		{97F6CADA-19C0-3FED-A988-87F17D33CFCB}.Debug|x64.Build.0 = Debug|x64
		{97F6CADA-19C0-3FED-A988-87F17D33CFCB}.Release|x64.ActiveCfg = Release|x64
		{97F6CADA-19C0-3FED-A988-87F17D33CFCB}.Release|x64.Build.0 = Release|x64
		{97F6CADA-19C0-3FED-A988-87F17D33CFCB}.MinSizeRel|x64.ActiveCfg = MinSizeRel|x64
		{97F6CADA-19C0-3FED-A988-87F17D33CFCB}.MinSizeRel|x64.Build.0 = MinSizeRel|x64
		{97F6CADA-19C0-3FED-A988-87F17D33CFCB}.RelWithDebInfo|x64.ActiveCfg = RelWithDebInfo|x64
		{97F6CADA-19C0-3FED-A988-87F17D33CFCB}.RelWithDebInfo|x64.Build.0 = RelWithDebInfo|x64
		{A5CED8D1-E6C5-331B-ABC1-9DBC7B889439}.Debug|x64.ActiveCfg = Debug|x64
		{A5CED8D1-E6C5-331B-ABC1-9DBC7B889439}.Release|x64.ActiveCfg = Release|x64
		{A5CED8D1-E6C5-331B-ABC1-9DBC7B889439}.MinSizeRel|x64.ActiveCfg = MinSizeRel|x64
		{A5CED8D1-E6C5-331B-ABC1-9DBC7B889439}.RelWithDebInfo|x64.ActiveCfg = RelWithDebInfo|x64
		{4E8D5AEC-3DEC-3912-ABD7-B2AA0163E8AD}.Debug|x64.ActiveCfg = Debug|x64
		{4E8D5AEC-3DEC-3912-ABD7-B2AA0163E8AD}.Release|x64.ActiveCfg = Release|x64
		{4E8D5AEC-3DEC-3912-ABD7-B2AA0163E8AD}.MinSizeRel|x64.ActiveCfg = MinSizeRel|x64
		{4E8D5AEC-3DEC-3912-ABD7-B2AA0163E8AD}.RelWithDebInfo|x64.ActiveCfg = RelWithDebInfo|x64
		{7CD3528E-446A-3CF3-9C3A-E977A33619EB}.Debug|x64.ActiveCfg = Debug|x64
		{7CD3528E-446A-3CF3-9C3A-E977A33619EB}.Debug|x64.Build.0 = Debug|x64
		{7CD3528E-446A-3CF3-9C3A-E977A33619EB}.Release|x64.ActiveCfg = Release|x64
		{7CD3528E-446A-3CF3-9C3A-E977A33619EB}.Release|x64.Build.0 = Release|x64
		{7CD3528E-446A-3CF3-9C3A-E977A33619EB}.MinSizeRel|x64.ActiveCfg = MinSizeRel|x64
		{7CD3528E-446A-3CF3-9C3A-E977A33619EB}.MinSizeRel|x64.Build.0 = MinSizeRel|x64
		{7CD3528E-446A-3CF3-9C3A-E977A33619EB}.RelWithDebInfo|x64.ActiveCfg = RelWithDebInfo|x64
		{7CD3528E-446A-3CF3-9C3A-E977A33619EB}.RelWithDebInfo|x64.Build.0 = RelWithDebInfo|x64
		{2FBB21E0-B099-3E63-A84E-D240D7D2BCCB}.Debug|x64.ActiveCfg = Debug|x64
		{2FBB21E0-B099-3E63-A84E-D240D7D2BCCB}.Debug|x64.Build.0 = Debug|x64
		{2FBB21E0-B099-3E63-A84E-D240D7D2BCCB}.Release|x64.ActiveCfg = Release|x64
		{2FBB21E0-B099-3E63-A84E-D240D7D2BCCB}.Release|x64.Build.0 = Release|x64
		{2FBB21E0-B099-3E63-A84E-D240D7D2BCCB}.MinSizeRel|x64.ActiveCfg = MinSizeRel|x64
		{2FBB21E0-B099-3E63-A84E-D240D7D2BCCB}.MinSizeRel|x64.Build.0 = MinSizeRel|x64
		{2FBB21E0-B099-3E63-A84E-D240D7D2BCCB}.RelWithDebInfo|x64.ActiveCfg = RelWithDebInfo|x64
		{2FBB21E0-B099-3E63-A84E-D240D7D2BCCB}.RelWithDebInfo|x64.Build.0 = RelWithDebInfo|x64
		{9B0EABBE-5E08-3489-B5A1-645639A9FF7F}.Debug|x64.ActiveCfg = Debug|x64
		{9B0EABBE-5E08-3489-B5A1-645639A9FF7F}.Debug|x64.Build.0 = Debug|x64
		{9B0EABBE-5E08-3489-B5A1-645639A9FF7F}.Release|x64.ActiveCfg = Release|x64
		{9B0EABBE-5E08-3489-B5A1-645639A9FF7F}.Release|x64.Build.0 = Release|x64
		{9B0EABBE-5E08-3489-B5A1-645639A9FF7F}.MinSizeRel|x64.ActiveCfg = MinSizeRel|x64
		{9B0EABBE-5E08-3489-B5A1-645639A9FF7F}.MinSizeRel|x64.Build.0 = MinSizeRel|x64
		{9B0EABBE-5E08-3489-B5A1-645639A9FF7F}.RelWithDebInfo|x64.ActiveCfg = RelWithDebInfo|x64
		{9B0EABBE-5E08-3489-B5A1-645639A9FF7F}.RelWithDebInfo|x64.Build.0 = RelWithDebInfo|x64
		{63457AD6-8E88-394D-B7F4-385EF2CD0558}.Debug|x64.ActiveCfg = Debug|x64
		{63457AD6-8E88-394D-B7F4-385EF2CD0558}.Debug|x64.Build.0 = Debug|x64
		{63457AD6-8E88-394D-B7F4-385EF2CD0558}.Release|x64.ActiveCfg = Release|x64
		{63457AD6-8E88-394D-B7F4-385EF2CD0558}.Release|x64.Build.0 = Release|x64
		{63457AD6-8E88-394D-B7F4-385EF2CD0558}.MinSizeRel|x64.ActiveCfg = MinSizeRel|x64
		{63457AD6-8E88-394D-B7F4-385EF2CD0558}.MinSizeRel|x64.Build.0 = MinSizeRel|x64
		{63457AD6-8E88-394D-B7F4-385EF2CD0558}.RelWithDebInfo|x64.ActiveCfg = RelWithDebInfo|x64
		{63457AD6-8E88-394D-B7F4-385EF2CD0558}.RelWithDebInfo|x64.Build.0 = RelWithDebInfo|x64
		{B42FC6D8-90DB-3C21-A649-B0F3BE45C67E}.Debug|x64.ActiveCfg = Debug|x64
		{B42FC6D8-90DB-3C21-A649-B0F3BE45C67E}.Debug|x64.Build.0 = Debug|x64
		{B42FC6D8-90DB-3C21-A649-B0F3BE45C67E}.Release|x64.ActiveCfg = Release|x64
		{B42FC6D8-90DB-3C21-A649-B0F3BE45C67E}.Release|x64.Build.0 = Release|x64
		{B42FC6D8-90DB-3C21-A649-B0F3BE45C67E}.MinSizeRel|x64.ActiveCfg = MinSizeRel|x64
		{B42FC6D8-90DB-3C21-A649-B0F3BE45C67E}.MinSizeRel|x64.Build.0 = MinSizeRel|x64
		{B42FC6D8-90DB-3C21-A649-B0F3BE45C67E}.RelWithDebInfo|x64.ActiveCfg = RelWithDebInfo|x64
		{B42FC6D8-90DB-3C21-A649-B0F3BE45C67E}.RelWithDebInfo|x64.Build.0 = RelWithDebInfo|x64
		{D70C78AB-2FCC-31F9-A66F-0DF930396652}.Debug|x64.ActiveCfg = Debug|x64
		{D70C78AB-2FCC-31F9-A66F-0DF930396652}.Debug|x64.Build.0 = Debug|x64
		{D70C78AB-2FCC-31F9-A66F-0DF930396652}.Release|x64.ActiveCfg = Release|x64
		{D70C78AB-2FCC-31F9-A66F-0DF930396652}.Release|x64.Build.0 = Release|x64
		{D70C78AB-2FCC-31F9-A66F-0DF930396652}.MinSizeRel|x64.ActiveCfg = MinSizeRel|x64
		{D70C78AB-2FCC-31F9-A66F-0DF930396652}.MinSizeRel|x64.Build.0 = MinSizeRel|x64
		{D70C78AB-2FCC-31F9-A66F-0DF930396652}.RelWithDebInfo|x64.ActiveCfg = RelWithDebInfo|x64
		{D70C78AB-2FCC-31F9-A66F-0DF930396652}.RelWithDebInfo|x64.Build.0 = RelWithDebInfo|x64
		{97BB2A0F-28D9-3E23-ABA3-329C9E414589}.Debug|x64.ActiveCfg = Debug|x64
		{97BB2A0F-28D9-3E23-ABA3-329C9E414589}.Debug|x64.Build.0 = Debug|x64
		{97BB2A0F-28D9-3E23-ABA3-329C9E414589}.Release|x64.ActiveCfg = Release|x64
		{97BB2A0F-28D9-3E23-ABA3-329C9E414589}.Release|x64.Build.0 = Release|x64
		{97BB2A0F-28D9-3E23-ABA3-329C9E414589}.MinSizeRel|x64.ActiveCfg = MinSizeRel|x64
		{97BB2A0F-28D9-3E23-ABA3-329C9E414589}.MinSizeRel|x64.Build.0 = MinSizeRel|x64
		{97BB2A0F-28D9-3E23-ABA3-329C9E414589}.RelWithDebInfo|x64.ActiveCfg = RelWithDebInfo|x64
		{97BB2A0F-28D9-3E23-ABA3-329C9E414589}.RelWithDebInfo|x64.Build.0 = RelWithDebInfo|x64
		{8518B4A7-750B-32EE-BD1C-ECB8C0E88887}.Debug|x64.ActiveCfg = Debug|x64
		{8518B4A7-750B-32EE-BD1C-ECB8C0E88887}.Debug|x64.Build.0 = Debug|x64
		{8518B4A7-750B-32EE-BD1C-ECB8C0E88887}.Release|x64.ActiveCfg = Release|x64
		{8518B4A7-750B-32EE-BD1C-ECB8C0E88887}.Release|x64.Build.0 = Release|x64
		{8518B4A7-750B-32EE-BD1C-ECB8C0E88887}.MinSizeRel|x64.ActiveCfg = MinSizeRel|x64
		{8518B4A7-750B-32EE-BD1C-ECB8C0E88887}.MinSizeRel|x64.Build.0 = MinSizeRel|x64
		{8518B4A7-750B-32EE-BD1C-ECB8C0E88887}.RelWithDebInfo|x64.ActiveCfg = RelWithDebInfo|x64
		{8518B4A7-750B-32EE-BD1C-ECB8C0E88887}.RelWithDebInfo|x64.Build.0 = RelWithDebInfo|x64
		{89047F82-0B38-310C-A4C7-EACD6D3221C6}.Debug|x64.ActiveCfg = Debug|x64
		{89047F82-0B38-310C-A4C7-EACD6D3221C6}.Debug|x64.Build.0 = Debug|x64
		{89047F82-0B38-310C-A4C7-EACD6D3221C6}.Release|x64.ActiveCfg = Release|x64
		{89047F82-0B38-310C-A4C7-EACD6D3221C6}.Release|x64.Build.0 = Release|x64
		{89047F82-0B38-310C-A4C7-EACD6D3221C6}.MinSizeRel|x64.ActiveCfg = MinSizeRel|x64
		{89047F82-0B38-310C-A4C7-EACD6D3221C6}.MinSizeRel|x64.Build.0 = MinSizeRel|x64
		{89047F82-0B38-310C-A4C7-EACD6D3221C6}.RelWithDebInfo|x64.ActiveCfg = RelWithDebInfo|x64
		{89047F82-0B38-310C-A4C7-EACD6D3221C6}.RelWithDebInfo|x64.Build.0 = RelWithDebInfo|x64
		{86E2E38B-A2E6-322A-9A75-EC77D9448A73}.Debug|x64.ActiveCfg = Debug|x64
		{86E2E38B-A2E6-322A-9A75-EC77D9448A73}.Debug|x64.Build.0 = Debug|x64
		{86E2E38B-A2E6-322A-9A75-EC77D9448A73}.Release|x64.ActiveCfg = Release|x64
		{86E2E38B-A2E6-322A-9A75-EC77D9448A73}.Release|x64.Build.0 = Release|x64
		{86E2E38B-A2E6-322A-9A75-EC77D9448A73}.MinSizeRel|x64.ActiveCfg = MinSizeRel|x64
		{86E2E38B-A2E6-322A-9A75-EC77D9448A73}.MinSizeRel|x64.Build.0 = MinSizeRel|x64
		{86E2E38B-A2E6-322A-9A75-EC77D9448A73}.RelWithDebInfo|x64.ActiveCfg = RelWithDebInfo|x64
		{86E2E38B-A2E6-322A-9A75-EC77D9448A73}.RelWithDebInfo|x64.Build.0 = RelWithDebInfo|x64
		{A4ED54AC-DD41-3A94-87A4-CA29752F8BFC}.Debug|x64.ActiveCfg = Debug|x64
		{A4ED54AC-DD41-3A94-87A4-CA29752F8BFC}.Debug|x64.Build.0 = Debug|x64
		{A4ED54AC-DD41-3A94-87A4-CA29752F8BFC}.Release|x64.ActiveCfg = Release|x64
		{A4ED54AC-DD41-3A94-87A4-CA29752F8BFC}.Release|x64.Build.0 = Release|x64
		{A4ED54AC-DD41-3A94-87A4-CA29752F8BFC}.MinSizeRel|x64.ActiveCfg = MinSizeRel|x64
		{A4ED54AC-DD41-3A94-87A4-CA29752F8BFC}.MinSizeRel|x64.Build.0 = MinSizeRel|x64
		{A4ED54AC-DD41-3A94-87A4-CA29752F8BFC}.RelWithDebInfo|x64.ActiveCfg = RelWithDebInfo|x64
		{A4ED54AC-DD41-3A94-87A4-CA29752F8BFC}.RelWithDebInfo|x64.Build.0 = RelWithDebInfo|x64
		{665FA560-4405-300E-AC95-FE04640609FD}.Debug|x64.ActiveCfg = Debug|x64
		{665FA560-4405-300E-AC95-FE04640609FD}.Debug|x64.Build.0 = Debug|x64
		{665FA560-4405-300E-AC95-FE04640609FD}.Release|x64.ActiveCfg = Release|x64
		{665FA560-4405-300E-AC95-FE04640609FD}.Release|x64.Build.0 = Release|x64
		{665FA560-4405-300E-AC95-FE04640609FD}.MinSizeRel|x64.ActiveCfg = MinSizeRel|x64
		{665FA560-4405-300E-AC95-FE04640609FD}.MinSizeRel|x64.Build.0 = MinSizeRel|x64
		{665FA560-4405-300E-AC95-FE04640609FD}.RelWithDebInfo|x64.ActiveCfg = RelWithDebInfo|x64
		{665FA560-4405-300E-AC95-FE04640609FD}.RelWithDebInfo|x64.Build.0 = RelWithDebInfo|x64
		{11DD12C9-728B-3C53-AA04-CFA091C0F953}.Debug|x64.ActiveCfg = Debug|x64
		{11DD12C9-728B-3C53-AA04-CFA091C0F953}.Debug|x64.Build.0 = Debug|x64
		{11DD12C9-728B-3C53-AA04-CFA091C0F953}.Release|x64.ActiveCfg = Release|x64
		{11DD12C9-728B-3C53-AA04-CFA091C0F953}.Release|x64.Build.0 = Release|x64
		{11DD12C9-728B-3C53-AA04-CFA091C0F953}.MinSizeRel|x64.ActiveCfg = MinSizeRel|x64
		{11DD12C9-728B-3C53-AA04-CFA091C0F953}.MinSizeRel|x64.Build.0 = MinSizeRel|x64
		{11DD12C9-728B-3C53-AA04-CFA091C0F953}.RelWithDebInfo|x64.ActiveCfg = RelWithDebInfo|x64
		{11DD12C9-728B-3C53-AA04-CFA091C0F953}.RelWithDebInfo|x64.Build.0 = RelWithDebInfo|x64
		{B7CF509E-4C9D-3733-AC62-61A9A8B83E65}.Debug|x64.ActiveCfg = Debug|x64
		{B7CF509E-4C9D-3733-AC62-61A9A8B83E65}.Debug|x64.Build.0 = Debug|x64
		{B7CF509E-4C9D-3733-AC62-61A9A8B83E65}.Release|x64.ActiveCfg = Release|x64
		{B7CF509E-4C9D-3733-AC62-61A9A8B83E65}.Release|x64.Build.0 = Release|x64
		{B7CF509E-4C9D-3733-AC62-61A9A8B83E65}.MinSizeRel|x64.ActiveCfg = MinSizeRel|x64
		{B7CF509E-4C9D-3733-AC62-61A9A8B83E65}.MinSizeRel|x64.Build.0 = MinSizeRel|x64
		{B7CF509E-4C9D-3733-AC62-61A9A8B83E65}.RelWithDebInfo|x64.ActiveCfg = RelWithDebInfo|x64
		{B7CF509E-4C9D-3733-AC62-61A9A8B83E65}.RelWithDebInfo|x64.Build.0 = RelWithDebInfo|x64
		{7CD79FE7-633F-397C-94EB-AB1E82EA8D7F}.Debug|x64.ActiveCfg = Debug|x64
		{7CD79FE7-633F-397C-94EB-AB1E82EA8D7F}.Debug|x64.Build.0 = Debug|x64
		{7CD79FE7-633F-397C-94EB-AB1E82EA8D7F}.Release|x64.ActiveCfg = Release|x64
		{7CD79FE7-633F-397C-94EB-AB1E82EA8D7F}.Release|x64.Build.0 = Release|x64
		{7CD79FE7-633F-397C-94EB-AB1E82EA8D7F}.MinSizeRel|x64.ActiveCfg = MinSizeRel|x64
		{7CD79FE7-633F-397C-94EB-AB1E82EA8D7F}.MinSizeRel|x64.Build.0 = MinSizeRel|x64
		{7CD79FE7-633F-397C-94EB-AB1E82EA8D7F}.RelWithDebInfo|x64.ActiveCfg = RelWithDebInfo|x64
		{7CD79FE7-633F-397C-94EB-AB1E82EA8D7F}.RelWithDebInfo|x64.Build.0 = RelWithDebInfo|x64
		{C419B5AD-A6CA-341F-BEDA-AED5A75D9566}.Debug|x64.ActiveCfg = Debug|x64
		{C419B5AD-A6CA-341F-BEDA-AED5A75D9566}.Debug|x64.Build.0 = Debug|x64
		{C419B5AD-A6CA-341F-BEDA-AED5A75D9566}.Release|x64.ActiveCfg = Release|x64
		{C419B5AD-A6CA-341F-BEDA-AED5A75D9566}.Release|x64.Build.0 = Release|x64
		{C419B5AD-A6CA-341F-BEDA-AED5A75D9566}.MinSizeRel|x64.ActiveCfg = MinSizeRel|x64
		{C419B5AD-A6CA-341F-BEDA-AED5A75D9566}.MinSizeRel|x64.Build.0 = MinSizeRel|x64
		{C419B5AD-A6CA-341F-BEDA-AED5A75D9566}.RelWithDebInfo|x64.ActiveCfg = RelWithDebInfo|x64
		{C419B5AD-A6CA-341F-BEDA-AED5A75D9566}.RelWithDebInfo|x64.Build.0 = RelWithDebInfo|x64
		{51C34B08-8417-3CB3-813F-9ABDFFF0AF78}.Debug|x64.ActiveCfg = Debug|x64
		{51C34B08-8417-3CB3-813F-9ABDFFF0AF78}.Debug|x64.Build.0 = Debug|x64
		{51C34B08-8417-3CB3-813F-9ABDFFF0AF78}.Release|x64.ActiveCfg = Release|x64
		{51C34B08-8417-3CB3-813F-9ABDFFF0AF78}.Release|x64.Build.0 = Release|x64
		{51C34B08-8417-3CB3-813F-9ABDFFF0AF78}.MinSizeRel|x64.ActiveCfg = MinSizeRel|x64
		{51C34B08-8417-3CB3-813F-9ABDFFF0AF78}.MinSizeRel|x64.Build.0 = MinSizeRel|x64
		{51C34B08-8417-3CB3-813F-9ABDFFF0AF78}.RelWithDebInfo|x64.ActiveCfg = RelWithDebInfo|x64
		{51C34B08-8417-3CB3-813F-9ABDFFF0AF78}.RelWithDebInfo|x64.Build.0 = RelWithDebInfo|x64
		{9787F4E9-1DAD-3F66-917D-4F3069CE139C}.Debug|x64.ActiveCfg = Debug|x64
		{9787F4E9-1DAD-3F66-917D-4F3069CE139C}.Debug|x64.Build.0 = Debug|x64
		{9787F4E9-1DAD-3F66-917D-4F3069CE139C}.Release|x64.ActiveCfg = Release|x64
		{9787F4E9-1DAD-3F66-917D-4F3069CE139C}.Release|x64.Build.0 = Release|x64
		{9787F4E9-1DAD-3F66-917D-4F3069CE139C}.MinSizeRel|x64.ActiveCfg = MinSizeRel|x64
		{9787F4E9-1DAD-3F66-917D-4F3069CE139C}.MinSizeRel|x64.Build.0 = MinSizeRel|x64
		{9787F4E9-1DAD-3F66-917D-4F3069CE139C}.RelWithDebInfo|x64.ActiveCfg = RelWithDebInfo|x64
		{9787F4E9-1DAD-3F66-917D-4F3069CE139C}.RelWithDebInfo|x64.Build.0 = RelWithDebInfo|x64
		{C78F1738-24F7-31B9-A434-97918FB74C2E}.Debug|x64.ActiveCfg = Debug|x64
		{C78F1738-24F7-31B9-A434-97918FB74C2E}.Debug|x64.Build.0 = Debug|x64
		{C78F1738-24F7-31B9-A434-97918FB74C2E}.Release|x64.ActiveCfg = Release|x64
		{C78F1738-24F7-31B9-A434-97918FB74C2E}.Release|x64.Build.0 = Release|x64
		{C78F1738-24F7-31B9-A434-97918FB74C2E}.MinSizeRel|x64.ActiveCfg = MinSizeRel|x64
		{C78F1738-24F7-31B9-A434-97918FB74C2E}.MinSizeRel|x64.Build.0 = MinSizeRel|x64
		{C78F1738-24F7-31B9-A434-97918FB74C2E}.RelWithDebInfo|x64.ActiveCfg = RelWithDebInfo|x64
		{C78F1738-24F7-31B9-A434-97918FB74C2E}.RelWithDebInfo|x64.Build.0 = RelWithDebInfo|x64
		{B237C737-AF78-3770-AD03-DDAC5F8092C0}.Debug|x64.ActiveCfg = Debug|x64
		{B237C737-AF78-3770-AD03-DDAC5F8092C0}.Debug|x64.Build.0 = Debug|x64
		{B237C737-AF78-3770-AD03-DDAC5F8092C0}.Release|x64.ActiveCfg = Release|x64
		{B237C737-AF78-3770-AD03-DDAC5F8092C0}.Release|x64.Build.0 = Release|x64
		{B237C737-AF78-3770-AD03-DDAC5F8092C0}.MinSizeRel|x64.ActiveCfg = MinSizeRel|x64
		{B237C737-AF78-3770-AD03-DDAC5F8092C0}.MinSizeRel|x64.Build.0 = MinSizeRel|x64
		{B237C737-AF78-3770-AD03-DDAC5F8092C0}.RelWithDebInfo|x64.ActiveCfg = RelWithDebInfo|x64
		{B237C737-AF78-3770-AD03-DDAC5F8092C0}.RelWithDebInfo|x64.Build.0 = RelWithDebInfo|x64
		{E5D455E9-69EA-31CD-9ED5-35605D523772}.Debug|x64.ActiveCfg = Debug|x64
		{E5D455E9-69EA-31CD-9ED5-35605D523772}.Debug|x64.Build.0 = Debug|x64
		{E5D455E9-69EA-31CD-9ED5-35605D523772}.Release|x64.ActiveCfg = Release|x64
		{E5D455E9-69EA-31CD-9ED5-35605D523772}.Release|x64.Build.0 = Release|x64
		{E5D455E9-69EA-31CD-9ED5-35605D523772}.MinSizeRel|x64.ActiveCfg = MinSizeRel|x64
		{E5D455E9-69EA-31CD-9ED5-35605D523772}.MinSizeRel|x64.Build.0 = MinSizeRel|x64
		{E5D455E9-69EA-31CD-9ED5-35605D523772}.RelWithDebInfo|x64.ActiveCfg = RelWithDebInfo|x64
		{E5D455E9-69EA-31CD-9ED5-35605D523772}.RelWithDebInfo|x64.Build.0 = RelWithDebInfo|x64
		{49494193-A1EB-3D52-97D1-8D91E3E0B7FE}.Debug|x64.ActiveCfg = Debug|x64
		{49494193-A1EB-3D52-97D1-8D91E3E0B7FE}.Debug|x64.Build.0 = Debug|x64
		{49494193-A1EB-3D52-97D1-8D91E3E0B7FE}.Release|x64.ActiveCfg = Release|x64
		{49494193-A1EB-3D52-97D1-8D91E3E0B7FE}.Release|x64.Build.0 = Release|x64
		{49494193-A1EB-3D52-97D1-8D91E3E0B7FE}.MinSizeRel|x64.ActiveCfg = MinSizeRel|x64
		{49494193-A1EB-3D52-97D1-8D91E3E0B7FE}.MinSizeRel|x64.Build.0 = MinSizeRel|x64
		{49494193-A1EB-3D52-97D1-8D91E3E0B7FE}.RelWithDebInfo|x64.ActiveCfg = RelWithDebInfo|x64
		{49494193-A1EB-3D52-97D1-8D91E3E0B7FE}.RelWithDebInfo|x64.Build.0 = RelWithDebInfo|x64
		{7D5F712E-4D27-3651-960C-A6FFB03F77FC}.Debug|x64.ActiveCfg = Debug|x64
		{7D5F712E-4D27-3651-960C-A6FFB03F77FC}.Debug|x64.Build.0 = Debug|x64
		{7D5F712E-4D27-3651-960C-A6FFB03F77FC}.Release|x64.ActiveCfg = Release|x64
		{7D5F712E-4D27-3651-960C-A6FFB03F77FC}.Release|x64.Build.0 = Release|x64
		{7D5F712E-4D27-3651-960C-A6FFB03F77FC}.MinSizeRel|x64.ActiveCfg = MinSizeRel|x64
		{7D5F712E-4D27-3651-960C-A6FFB03F77FC}.MinSizeRel|x64.Build.0 = MinSizeRel|x64
		{7D5F712E-4D27-3651-960C-A6FFB03F77FC}.RelWithDebInfo|x64.ActiveCfg = RelWithDebInfo|x64
		{7D5F712E-4D27-3651-960C-A6FFB03F77FC}.RelWithDebInfo|x64.Build.0 = RelWithDebInfo|x64
		{40D6EFCA-BF8F-34D4-9B8B-B463D25C2E4E}.Debug|x64.ActiveCfg = Debug|x64
		{40D6EFCA-BF8F-34D4-9B8B-B463D25C2E4E}.Debug|x64.Build.0 = Debug|x64
		{40D6EFCA-BF8F-34D4-9B8B-B463D25C2E4E}.Release|x64.ActiveCfg = Release|x64
		{40D6EFCA-BF8F-34D4-9B8B-B463D25C2E4E}.Release|x64.Build.0 = Release|x64
		{40D6EFCA-BF8F-34D4-9B8B-B463D25C2E4E}.MinSizeRel|x64.ActiveCfg = MinSizeRel|x64
		{40D6EFCA-BF8F-34D4-9B8B-B463D25C2E4E}.MinSizeRel|x64.Build.0 = MinSizeRel|x64
		{40D6EFCA-BF8F-34D4-9B8B-B463D25C2E4E}.RelWithDebInfo|x64.ActiveCfg = RelWithDebInfo|x64
		{40D6EFCA-BF8F-34D4-9B8B-B463D25C2E4E}.RelWithDebInfo|x64.Build.0 = RelWithDebInfo|x64
	EndGlobalSection
	GlobalSection(ExtensibilityGlobals) = postSolution
		SolutionGuid = {5D07EA06-0D88-3248-8FB5-2DA1F82ADD3A}
	EndGlobalSection
	GlobalSection(ExtensibilityAddIns) = postSolution
	EndGlobalSection
EndGlobal
