<?xml version="1.0" encoding="utf-8"?>
<Project ToolsVersion="15.0" xmlns="http://schemas.microsoft.com/developer/msbuild/2003">
  <ItemGroup>
    <ClCompile Include="E:\workspace\funra\source\rserver\commonsvr\src\rtest.c">
      <Filter>Source Files</Filter>
    </ClCompile>
  </ItemGroup>
  <ItemGroup>
    <CustomBuild Include="E:\workspace\funra\source\rserver\commonsvr\CMakeLists.txt" />
  </ItemGroup>
  <ItemGroup>
    <Filter Include="Source Files">
      <UniqueIdentifier>{6510AC4E-59FB-3583-9545-421DD0F63D8A}</UniqueIdentifier>
    </Filter>
  </ItemGroup>
</Project>
