Microsoft Visual Studio Solution File, Format Version 12.00
# Visual Studio 15
Project("{8BC9CEB8-8B4A-11D0-8D11-00A0C91BC942}") = "ALL_BUILD", "ALL_BUILD.vcxproj", "{3C5F062B-DCA6-3D91-989A-7FFDF271DC6E}"
	ProjectSection(ProjectDependencies) = postProject
		{45531879-1B73-36E9-8688-83BAA56CAB71} = {45531879-1B73-36E9-8688-83BAA56CAB71}
		{6A084806-356B-32FF-A37D-7507E0EDF9C2} = {6A084806-356B-32FF-A37D-7507E0EDF9C2}
	EndProjectSection
EndProject
Project("{8BC9CEB8-8B4A-11D0-8D11-00A0C91BC942}") = "ZERO_CHECK", "..\..\\ZERO_CHECK.vcxproj", "{45531879-1B73-36E9-8688-83BAA56CAB71}"
	ProjectSection(ProjectDependencies) = postProject
	EndProjectSection
EndProject
Project("{8BC9CEB8-8B4A-11D0-8D11-00A0C91BC942}") = "funratest", "funratest.vcxproj", "{6A084806-356B-32FF-A37D-7507E0EDF9C2}"
	ProjectSection(ProjectDependencies) = postProject
		{45531879-1B73-36E9-8688-83BAA56CAB71} = {45531879-1B73-36E9-8688-83BAA56CAB71}
	EndProjectSection
EndProject
Global
	GlobalSection(SolutionConfigurationPlatforms) = preSolution
		Debug|x64 = Debug|x64
		Release|x64 = Release|x64
		MinSizeRel|x64 = MinSizeRel|x64
		RelWithDebInfo|x64 = RelWithDebInfo|x64
	EndGlobalSection
	GlobalSection(ProjectConfigurationPlatforms) = postSolution
		{3C5F062B-DCA6-3D91-989A-7FFDF271DC6E}.Debug|x64.ActiveCfg = Debug|x64
		{3C5F062B-DCA6-3D91-989A-7FFDF271DC6E}.Release|x64.ActiveCfg = Release|x64
		{3C5F062B-DCA6-3D91-989A-7FFDF271DC6E}.MinSizeRel|x64.ActiveCfg = MinSizeRel|x64
		{3C5F062B-DCA6-3D91-989A-7FFDF271DC6E}.RelWithDebInfo|x64.ActiveCfg = RelWithDebInfo|x64
		{45531879-1B73-36E9-8688-83BAA56CAB71}.Debug|x64.ActiveCfg = Debug|x64
		{45531879-1B73-36E9-8688-83BAA56CAB71}.Debug|x64.Build.0 = Debug|x64
		{45531879-1B73-36E9-8688-83BAA56CAB71}.Release|x64.ActiveCfg = Release|x64
		{45531879-1B73-36E9-8688-83BAA56CAB71}.Release|x64.Build.0 = Release|x64
		{45531879-1B73-36E9-8688-83BAA56CAB71}.MinSizeRel|x64.ActiveCfg = MinSizeRel|x64
		{45531879-1B73-36E9-8688-83BAA56CAB71}.MinSizeRel|x64.Build.0 = MinSizeRel|x64
		{45531879-1B73-36E9-8688-83BAA56CAB71}.RelWithDebInfo|x64.ActiveCfg = RelWithDebInfo|x64
		{45531879-1B73-36E9-8688-83BAA56CAB71}.RelWithDebInfo|x64.Build.0 = RelWithDebInfo|x64
		{6A084806-356B-32FF-A37D-7507E0EDF9C2}.Debug|x64.ActiveCfg = Debug|x64
		{6A084806-356B-32FF-A37D-7507E0EDF9C2}.Debug|x64.Build.0 = Debug|x64
		{6A084806-356B-32FF-A37D-7507E0EDF9C2}.Release|x64.ActiveCfg = Release|x64
		{6A084806-356B-32FF-A37D-7507E0EDF9C2}.Release|x64.Build.0 = Release|x64
		{6A084806-356B-32FF-A37D-7507E0EDF9C2}.MinSizeRel|x64.ActiveCfg = MinSizeRel|x64
		{6A084806-356B-32FF-A37D-7507E0EDF9C2}.MinSizeRel|x64.Build.0 = MinSizeRel|x64
		{6A084806-356B-32FF-A37D-7507E0EDF9C2}.RelWithDebInfo|x64.ActiveCfg = RelWithDebInfo|x64
		{6A084806-356B-32FF-A37D-7507E0EDF9C2}.RelWithDebInfo|x64.Build.0 = RelWithDebInfo|x64
	EndGlobalSection
	GlobalSection(ExtensibilityGlobals) = postSolution
		SolutionGuid = {C50DA64C-6BF6-3DEF-AD3E-011844D65247}
	EndGlobalSection
	GlobalSection(ExtensibilityAddIns) = postSolution
	EndGlobalSection
EndGlobal
