Microsoft Visual Studio Solution File, Format Version 12.00
# Visual Studio 15
Project("{8BC9CEB8-8B4A-11D0-8D11-00A0C91BC942}") = "ALL_BUILD", "ALL_BUILD.vcxproj", "{CA2A8D4D-4F30-361C-93F2-47286F8D9CAE}"
	ProjectSection(ProjectDependencies) = postProject
		{DAF0F506-39B0-31A9-A7FD-CBF60F9B79FA} = {DAF0F506-39B0-31A9-A7FD-CBF60F9B79FA}
		{257673BD-7F94-3BCA-A340-C71441DDB6D6} = {257673BD-7F94-3BCA-A340-C71441DDB6D6}
	EndProjectSection
EndProject
Project("{8BC9CEB8-8B4A-11D0-8D11-00A0C91BC942}") = "ZERO_CHECK", "..\\ZERO_CHECK.vcxproj", "{DAF0F506-39B0-31A9-A7FD-CBF60F9B79FA}"
	ProjectSection(ProjectDependencies) = postProject
	EndProjectSection
EndProject
Project("{8BC9CEB8-8B4A-11D0-8D11-00A0C91BC942}") = "common", "common.vcxproj", "{257673BD-7F94-3BCA-A340-C71441DDB6D6}"
	ProjectSection(ProjectDependencies) = postProject
		{DAF0F506-39B0-31A9-A7FD-CBF60F9B79FA} = {DAF0F506-39B0-31A9-A7FD-CBF60F9B79FA}
	EndProjectSection
EndProject
Global
	GlobalSection(SolutionConfigurationPlatforms) = preSolution
		Debug|x64 = Debug|x64
		Release|x64 = Release|x64
		MinSizeRel|x64 = MinSizeRel|x64
		RelWithDebInfo|x64 = RelWithDebInfo|x64
	EndGlobalSection
	GlobalSection(ProjectConfigurationPlatforms) = postSolution
		{CA2A8D4D-4F30-361C-93F2-47286F8D9CAE}.Debug|x64.ActiveCfg = Debug|x64
		{CA2A8D4D-4F30-361C-93F2-47286F8D9CAE}.Release|x64.ActiveCfg = Release|x64
		{CA2A8D4D-4F30-361C-93F2-47286F8D9CAE}.MinSizeRel|x64.ActiveCfg = MinSizeRel|x64
		{CA2A8D4D-4F30-361C-93F2-47286F8D9CAE}.RelWithDebInfo|x64.ActiveCfg = RelWithDebInfo|x64
		{DAF0F506-39B0-31A9-A7FD-CBF60F9B79FA}.Debug|x64.ActiveCfg = Debug|x64
		{DAF0F506-39B0-31A9-A7FD-CBF60F9B79FA}.Debug|x64.Build.0 = Debug|x64
		{DAF0F506-39B0-31A9-A7FD-CBF60F9B79FA}.Release|x64.ActiveCfg = Release|x64
		{DAF0F506-39B0-31A9-A7FD-CBF60F9B79FA}.Release|x64.Build.0 = Release|x64
		{DAF0F506-39B0-31A9-A7FD-CBF60F9B79FA}.MinSizeRel|x64.ActiveCfg = MinSizeRel|x64
		{DAF0F506-39B0-31A9-A7FD-CBF60F9B79FA}.MinSizeRel|x64.Build.0 = MinSizeRel|x64
		{DAF0F506-39B0-31A9-A7FD-CBF60F9B79FA}.RelWithDebInfo|x64.ActiveCfg = RelWithDebInfo|x64
		{DAF0F506-39B0-31A9-A7FD-CBF60F9B79FA}.RelWithDebInfo|x64.Build.0 = RelWithDebInfo|x64
		{257673BD-7F94-3BCA-A340-C71441DDB6D6}.Debug|x64.ActiveCfg = Debug|x64
		{257673BD-7F94-3BCA-A340-C71441DDB6D6}.Debug|x64.Build.0 = Debug|x64
		{257673BD-7F94-3BCA-A340-C71441DDB6D6}.Release|x64.ActiveCfg = Release|x64
		{257673BD-7F94-3BCA-A340-C71441DDB6D6}.Release|x64.Build.0 = Release|x64
		{257673BD-7F94-3BCA-A340-C71441DDB6D6}.MinSizeRel|x64.ActiveCfg = MinSizeRel|x64
		{257673BD-7F94-3BCA-A340-C71441DDB6D6}.MinSizeRel|x64.Build.0 = MinSizeRel|x64
		{257673BD-7F94-3BCA-A340-C71441DDB6D6}.RelWithDebInfo|x64.ActiveCfg = RelWithDebInfo|x64
		{257673BD-7F94-3BCA-A340-C71441DDB6D6}.RelWithDebInfo|x64.Build.0 = RelWithDebInfo|x64
	EndGlobalSection
	GlobalSection(ExtensibilityGlobals) = postSolution
		SolutionGuid = {C33C839B-D6F2-3DE7-857A-D8008E519F0B}
	EndGlobalSection
	GlobalSection(ExtensibilityAddIns) = postSolution
	EndGlobalSection
EndGlobal
