<?xml version="1.0" encoding="utf-8"?>
<Project ToolsVersion="15.0" xmlns="http://schemas.microsoft.com/developer/msbuild/2003">
  <ItemGroup>
    <ClCompile Include="E:\workspace\funra\source\rbase\common\src\rfile.c">
      <Filter>Source Files</Filter>
    </ClCompile>
    <ClCompile Include="E:\workspace\funra\source\rbase\common\src\rtime.c">
      <Filter>Source Files</Filter>
    </ClCompile>
    <ClCompile Include="E:\workspace\funra\source\rbase\common\src\rstring.c">
      <Filter>Source Files</Filter>
    </ClCompile>
    <ClCompile Include="E:\workspace\funra\source\rbase\common\src\rthread.c">
      <Filter>Source Files</Filter>
    </ClCompile>
    <ClCompile Include="E:\workspace\funra\source\rbase\common\src\rarray.c">
      <Filter>Source Files</Filter>
    </ClCompile>
    <ClCompile Include="E:\workspace\funra\source\rbase\common\src\rlog.c">
      <Filter>Source Files</Filter>
    </ClCompile>
    <ClCompile Include="E:\workspace\funra\source\rbase\common\src\rdict.c">
      <Filter>Source Files</Filter>
    </ClCompile>
    <ClCompile Include="E:\workspace\funra\source\rbase\common\src\rlist.c">
      <Filter>Source Files</Filter>
    </ClCompile>
  </ItemGroup>
  <ItemGroup>
    <CustomBuild Include="E:\workspace\funra\source\rbase\common\CMakeLists.txt" />
  </ItemGroup>
  <ItemGroup>
    <Filter Include="Source Files">
      <UniqueIdentifier>{7792B865-12D3-3F8E-AB80-1E56B1AC96CA}</UniqueIdentifier>
    </Filter>
  </ItemGroup>
</Project>
