<?xml version="1.0" encoding="utf-8"?>
<Project ToolsVersion="15.0" xmlns="http://schemas.microsoft.com/developer/msbuild/2003">
  <ItemGroup>
    <CustomBuild Include="E:\workspace\funra\proj\vs2017\3rd\CMakeFiles\967823be99f28e06aca64260660b7a4d\PACKAGE_force.rule">
      <Filter>CMake Rules</Filter>
    </CustomBuild>
  </ItemGroup>
  <ItemGroup>
    <Filter Include="CMake Rules">
      <UniqueIdentifier>{D8845B12-CB35-3FA3-8C39-AB379FCA989A}</UniqueIdentifier>
    </Filter>
  </ItemGroup>
</Project>
